
Microsoft Visual Studio Solution File, Format Version 12.00
# Visual Studio Version 16
VisualStudioVersion = 16.0.29215.179
MinimumVisualStudioVersion = 10.0.40219.1
Project("{FAE04EC0-301F-11D3-BF4B-00C04F79EFBC}") = "SchoolLogicDataExtractor", "SchoolLogicDataExtractor\SchoolLogicDataExtractor.csproj", "{D34415CD-B22A-449E-BDFA-B13A4EF4748B}"
EndProject
Project("{FAE04EC0-301F-11D3-BF4B-00C04F79EFBC}") = "Extract-ClevrStaff", "Extract-ClevrStaff\Extract-ClevrStaff.csproj", "{B99937CB-97D5-4C52-BA3E-5E7B13F1DF76}"
EndProject
Project("{FAE04EC0-301F-11D3-BF4B-00C04F79EFBC}") = "Extract-ClevrStudents", "Extract-ClevrStudents\Extract-ClevrStudents.csproj", "{9738A3C7-857A-4106-B477-26561B709EDB}"
EndProject
Project("{FAE04EC0-301F-11D3-BF4B-00C04F79EFBC}") = "Extract-ClevrStudentDemographics", "Extract-ClevrStudentDemographics\Extract-ClevrStudentDemographics.csproj", "{81C73D54-8C60-45EE-8D1C-A8CB900164B3}"
EndProject
Project("{FAE04EC0-301F-11D3-BF4B-00C04F79EFBC}") = "Extract-XelloStudents", "Extract-XelloStudents\Extract-XelloStudents.csproj", "{FA592A27-190A-4B63-AD20-09054917841C}"
EndProject
Project("{FAE04EC0-301F-11D3-BF4B-00C04F79EFBC}") = "Extract-SanghaClasses", "Extract-SanghaClasses\Extract-SanghaClasses.csproj", "{B29F3759-D513-4830-89F0-AE0FBAE648D6}"
EndProject
Project("{FAE04EC0-301F-11D3-BF4B-00C04F79EFBC}") = "Extract-SanghaSections", "Extract-SanghaSections\Extract-SanghaSections.csproj", "{F69D6834-D57F-4950-8D54-E438AEA6992D}"
EndProject
Project("{FAE04EC0-301F-11D3-BF4B-00C04F79EFBC}") = "Extract-SangaStaff", "Extract-SangaStaff\Extract-SangaStaff.csproj", "{A49D2B7C-CA40-4772-8A4C-0D29B153FC8A}"
EndProject
Project("{FAE04EC0-301F-11D3-BF4B-00C04F79EFBC}") = "Extract-SanghaStudents", "Extract-SanghaStudents\Extract-SanghaStudents.csproj", "{552C759F-85CE-4961-82E9-D068572B31DA}"
EndProject
Project("{FAE04EC0-301F-11D3-BF4B-00C04F79EFBC}") = "Extract-SanghaParents", "Extract-SanghaParents\Extract-SanghaParents.csproj", "{7DB62CA0-CC5C-4646-89BD-F60CB0E21B15}"
EndProject
Project("{FAE04EC0-301F-11D3-BF4B-00C04F79EFBC}") = "Extract-SanghaEnrollment", "Extract-SanghaEnrollment\Extract-SanghaEnrollment.csproj", "{6D085C8B-16A1-4712-905B-C6E08419471C}"
EndProject
Project("{FAE04EC0-301F-11D3-BF4B-00C04F79EFBC}") = "Extract-Clever-Schools", "Extract-Clever-Schools\Extract-Clever-Schools.csproj", "{6EA568C8-D0C8-439E-998D-314E245B8ED4}"
EndProject
Project("{FAE04EC0-301F-11D3-BF4B-00C04F79EFBC}") = "Extract-Clever-Students", "Extract-Clever-Students\Extract-Clever-Students.csproj", "{6CFF9393-392C-4A8E-BB3D-0D40DA38908B}"
EndProject
Project("{FAE04EC0-301F-11D3-BF4B-00C04F79EFBC}") = "Extract-Clever-Teachers", "Extract-Clever-Teachers\Extract-Clever-Teachers.csproj", "{5F11E644-F6CC-4B9D-80D9-9E4849C292D7}"
EndProject
Project("{FAE04EC0-301F-11D3-BF4B-00C04F79EFBC}") = "Extract-Clever-Sections", "Extract-Clever-Sections\Extract-Clever-Sections.csproj", "{CCA9D38B-D2AA-42D3-9E1A-E1DE20C56A86}"
EndProject
Project("{FAE04EC0-301F-11D3-BF4B-00C04F79EFBC}") = "Extract-Clever-Enrollments", "Extract-Clever-Enrollments\Extract-Clever-Enrollments.csproj", "{32F4EA01-6E92-45BA-A33C-F3BA71F21C1D}"
EndProject
Project("{FAE04EC0-301F-11D3-BF4B-00C04F79EFBC}") = "Extract-XelloCourseCodes", "Extract-XelloCourseCodes\Extract-XelloCourseCodes.csproj", "{80EB8EF2-5894-45D0-94F6-0C812AE71CC5}"
EndProject
Project("{FAE04EC0-301F-11D3-BF4B-00C04F79EFBC}") = "Extract-XelloStudentCourses", "Extract-XelloStudentCourses\Extract-XelloStudentCourses.csproj", "{B2803A32-42BA-45FA-B8F3-32CAF9377E9F}"
EndProject
Global
	GlobalSection(SolutionConfigurationPlatforms) = preSolution
		Debug|Any CPU = Debug|Any CPU
		Release|Any CPU = Release|Any CPU
	EndGlobalSection
	GlobalSection(ProjectConfigurationPlatforms) = postSolution
		{D34415CD-B22A-449E-BDFA-B13A4EF4748B}.Debug|Any CPU.ActiveCfg = Debug|Any CPU
		{D34415CD-B22A-449E-BDFA-B13A4EF4748B}.Debug|Any CPU.Build.0 = Debug|Any CPU
		{D34415CD-B22A-449E-BDFA-B13A4EF4748B}.Release|Any CPU.ActiveCfg = Release|Any CPU
		{D34415CD-B22A-449E-BDFA-B13A4EF4748B}.Release|Any CPU.Build.0 = Release|Any CPU
		{B99937CB-97D5-4C52-BA3E-5E7B13F1DF76}.Debug|Any CPU.ActiveCfg = Debug|Any CPU
		{B99937CB-97D5-4C52-BA3E-5E7B13F1DF76}.Debug|Any CPU.Build.0 = Debug|Any CPU
		{B99937CB-97D5-4C52-BA3E-5E7B13F1DF76}.Release|Any CPU.ActiveCfg = Release|Any CPU
		{B99937CB-97D5-4C52-BA3E-5E7B13F1DF76}.Release|Any CPU.Build.0 = Release|Any CPU
		{9738A3C7-857A-4106-B477-26561B709EDB}.Debug|Any CPU.ActiveCfg = Debug|Any CPU
		{9738A3C7-857A-4106-B477-26561B709EDB}.Debug|Any CPU.Build.0 = Debug|Any CPU
		{9738A3C7-857A-4106-B477-26561B709EDB}.Release|Any CPU.ActiveCfg = Release|Any CPU
		{9738A3C7-857A-4106-B477-26561B709EDB}.Release|Any CPU.Build.0 = Release|Any CPU
		{81C73D54-8C60-45EE-8D1C-A8CB900164B3}.Debug|Any CPU.ActiveCfg = Debug|Any CPU
		{81C73D54-8C60-45EE-8D1C-A8CB900164B3}.Debug|Any CPU.Build.0 = Debug|Any CPU
		{81C73D54-8C60-45EE-8D1C-A8CB900164B3}.Release|Any CPU.ActiveCfg = Release|Any CPU
		{81C73D54-8C60-45EE-8D1C-A8CB900164B3}.Release|Any CPU.Build.0 = Release|Any CPU
		{FA592A27-190A-4B63-AD20-09054917841C}.Debug|Any CPU.ActiveCfg = Debug|Any CPU
		{FA592A27-190A-4B63-AD20-09054917841C}.Debug|Any CPU.Build.0 = Debug|Any CPU
		{FA592A27-190A-4B63-AD20-09054917841C}.Release|Any CPU.ActiveCfg = Release|Any CPU
		{FA592A27-190A-4B63-AD20-09054917841C}.Release|Any CPU.Build.0 = Release|Any CPU
		{B29F3759-D513-4830-89F0-AE0FBAE648D6}.Debug|Any CPU.ActiveCfg = Debug|Any CPU
		{B29F3759-D513-4830-89F0-AE0FBAE648D6}.Debug|Any CPU.Build.0 = Debug|Any CPU
		{B29F3759-D513-4830-89F0-AE0FBAE648D6}.Release|Any CPU.ActiveCfg = Release|Any CPU
		{B29F3759-D513-4830-89F0-AE0FBAE648D6}.Release|Any CPU.Build.0 = Release|Any CPU
		{F69D6834-D57F-4950-8D54-E438AEA6992D}.Debug|Any CPU.ActiveCfg = Debug|Any CPU
		{F69D6834-D57F-4950-8D54-E438AEA6992D}.Debug|Any CPU.Build.0 = Debug|Any CPU
		{F69D6834-D57F-4950-8D54-E438AEA6992D}.Release|Any CPU.ActiveCfg = Release|Any CPU
		{F69D6834-D57F-4950-8D54-E438AEA6992D}.Release|Any CPU.Build.0 = Release|Any CPU
		{A49D2B7C-CA40-4772-8A4C-0D29B153FC8A}.Debug|Any CPU.ActiveCfg = Debug|Any CPU
		{A49D2B7C-CA40-4772-8A4C-0D29B153FC8A}.Debug|Any CPU.Build.0 = Debug|Any CPU
		{A49D2B7C-CA40-4772-8A4C-0D29B153FC8A}.Release|Any CPU.ActiveCfg = Release|Any CPU
		{A49D2B7C-CA40-4772-8A4C-0D29B153FC8A}.Release|Any CPU.Build.0 = Release|Any CPU
		{552C759F-85CE-4961-82E9-D068572B31DA}.Debug|Any CPU.ActiveCfg = Debug|Any CPU
		{552C759F-85CE-4961-82E9-D068572B31DA}.Debug|Any CPU.Build.0 = Debug|Any CPU
		{552C759F-85CE-4961-82E9-D068572B31DA}.Release|Any CPU.ActiveCfg = Release|Any CPU
		{552C759F-85CE-4961-82E9-D068572B31DA}.Release|Any CPU.Build.0 = Release|Any CPU
		{7DB62CA0-CC5C-4646-89BD-F60CB0E21B15}.Debug|Any CPU.ActiveCfg = Debug|Any CPU
		{7DB62CA0-CC5C-4646-89BD-F60CB0E21B15}.Debug|Any CPU.Build.0 = Debug|Any CPU
		{7DB62CA0-CC5C-4646-89BD-F60CB0E21B15}.Release|Any CPU.ActiveCfg = Release|Any CPU
		{7DB62CA0-CC5C-4646-89BD-F60CB0E21B15}.Release|Any CPU.Build.0 = Release|Any CPU
		{6D085C8B-16A1-4712-905B-C6E08419471C}.Debug|Any CPU.ActiveCfg = Debug|Any CPU
		{6D085C8B-16A1-4712-905B-C6E08419471C}.Debug|Any CPU.Build.0 = Debug|Any CPU
		{6D085C8B-16A1-4712-905B-C6E08419471C}.Release|Any CPU.ActiveCfg = Release|Any CPU
		{6D085C8B-16A1-4712-905B-C6E08419471C}.Release|Any CPU.Build.0 = Release|Any CPU
		{6EA568C8-D0C8-439E-998D-314E245B8ED4}.Debug|Any CPU.ActiveCfg = Debug|Any CPU
		{6EA568C8-D0C8-439E-998D-314E245B8ED4}.Debug|Any CPU.Build.0 = Debug|Any CPU
		{6EA568C8-D0C8-439E-998D-314E245B8ED4}.Release|Any CPU.ActiveCfg = Release|Any CPU
		{6EA568C8-D0C8-439E-998D-314E245B8ED4}.Release|Any CPU.Build.0 = Release|Any CPU
		{6CFF9393-392C-4A8E-BB3D-0D40DA38908B}.Debug|Any CPU.ActiveCfg = Debug|Any CPU
		{6CFF9393-392C-4A8E-BB3D-0D40DA38908B}.Debug|Any CPU.Build.0 = Debug|Any CPU
		{6CFF9393-392C-4A8E-BB3D-0D40DA38908B}.Release|Any CPU.ActiveCfg = Release|Any CPU
		{6CFF9393-392C-4A8E-BB3D-0D40DA38908B}.Release|Any CPU.Build.0 = Release|Any CPU
		{5F11E644-F6CC-4B9D-80D9-9E4849C292D7}.Debug|Any CPU.ActiveCfg = Debug|Any CPU
		{5F11E644-F6CC-4B9D-80D9-9E4849C292D7}.Debug|Any CPU.Build.0 = Debug|Any CPU
		{5F11E644-F6CC-4B9D-80D9-9E4849C292D7}.Release|Any CPU.ActiveCfg = Release|Any CPU
		{5F11E644-F6CC-4B9D-80D9-9E4849C292D7}.Release|Any CPU.Build.0 = Release|Any CPU
		{CCA9D38B-D2AA-42D3-9E1A-E1DE20C56A86}.Debug|Any CPU.ActiveCfg = Debug|Any CPU
		{CCA9D38B-D2AA-42D3-9E1A-E1DE20C56A86}.Debug|Any CPU.Build.0 = Debug|Any CPU
		{CCA9D38B-D2AA-42D3-9E1A-E1DE20C56A86}.Release|Any CPU.ActiveCfg = Release|Any CPU
		{CCA9D38B-D2AA-42D3-9E1A-E1DE20C56A86}.Release|Any CPU.Build.0 = Release|Any CPU
		{32F4EA01-6E92-45BA-A33C-F3BA71F21C1D}.Debug|Any CPU.ActiveCfg = Debug|Any CPU
		{32F4EA01-6E92-45BA-A33C-F3BA71F21C1D}.Debug|Any CPU.Build.0 = Debug|Any CPU
		{32F4EA01-6E92-45BA-A33C-F3BA71F21C1D}.Release|Any CPU.ActiveCfg = Release|Any CPU
		{32F4EA01-6E92-45BA-A33C-F3BA71F21C1D}.Release|Any CPU.Build.0 = Release|Any CPU
		{80EB8EF2-5894-45D0-94F6-0C812AE71CC5}.Debug|Any CPU.ActiveCfg = Debug|Any CPU
		{80EB8EF2-5894-45D0-94F6-0C812AE71CC5}.Debug|Any CPU.Build.0 = Debug|Any CPU
		{80EB8EF2-5894-45D0-94F6-0C812AE71CC5}.Release|Any CPU.ActiveCfg = Release|Any CPU
		{80EB8EF2-5894-45D0-94F6-0C812AE71CC5}.Release|Any CPU.Build.0 = Release|Any CPU
		{B2803A32-42BA-45FA-B8F3-32CAF9377E9F}.Debug|Any CPU.ActiveCfg = Debug|Any CPU
		{B2803A32-42BA-45FA-B8F3-32CAF9377E9F}.Debug|Any CPU.Build.0 = Debug|Any CPU
		{B2803A32-42BA-45FA-B8F3-32CAF9377E9F}.Release|Any CPU.ActiveCfg = Release|Any CPU
		{B2803A32-42BA-45FA-B8F3-32CAF9377E9F}.Release|Any CPU.Build.0 = Release|Any CPU
	EndGlobalSection
	GlobalSection(SolutionProperties) = preSolution
		HideSolutionNode = FALSE
	EndGlobalSection
	GlobalSection(ExtensibilityGlobals) = postSolution
		SolutionGuid = {C816FF53-1913-4B87-B1FA-401871C13AE0}
	EndGlobalSection
EndGlobal
