
Microsoft Visual Studio Solution File, Format Version 12.00
# Visual Studio 15
VisualStudioVersion = 15.0.26730.16
MinimumVisualStudioVersion = 10.0.40219.1
Project("{FAE04EC0-301F-11D3-BF4B-00C04F79EFBC}") = "SchoolLogicDataExtractor", "SchoolLogicDataExtractor\SchoolLogicDataExtractor.csproj", "{D34415CD-B22A-449E-BDFA-B13A4EF4748B}"
EndProject
Global
	GlobalSection(SolutionConfigurationPlatforms) = preSolution
		Debug|Any CPU = Debug|Any CPU
		Release|Any CPU = Release|Any CPU
	EndGlobalSection
	GlobalSection(ProjectConfigurationPlatforms) = postSolution
		{D34415CD-B22A-449E-BDFA-B13A4EF4748B}.Debug|Any CPU.ActiveCfg = Debug|Any CPU
		{D34415CD-B22A-449E-BDFA-B13A4EF4748B}.Debug|Any CPU.Build.0 = Debug|Any CPU
		{D34415CD-B22A-449E-BDFA-B13A4EF4748B}.Release|Any CPU.ActiveCfg = Release|Any CPU
		{D34415CD-B22A-449E-BDFA-B13A4EF4748B}.Release|Any CPU.Build.0 = Release|Any CPU
	EndGlobalSection
	GlobalSection(SolutionProperties) = preSolution
		HideSolutionNode = FALSE
	EndGlobalSection
	GlobalSection(ExtensibilityGlobals) = postSolution
		SolutionGuid = {C816FF53-1913-4B87-B1FA-401871C13AE0}
	EndGlobalSection
EndGlobal
